DEPENDENCIES
  apt
  flask_app
    path: .
    metadata: true
  git
  poise-python

GRAPH
  apt (7.2.0)
  flask_app (0.1.0)
    apt (>= 0.0.0)
    git (>= 0.0.0)
    poise-python (>= 0.0.0)
  git (10.0.0)
  poise (2.8.2)
  poise-archive (1.5.0)
    poise (~> 2.6)
  poise-languages (2.1.2)
    poise (~> 2.5)
    poise-archive (~> 1.0)
  poise-python (1.7.0)
    poise (~> 2.7)
    poise-languages (~> 2.0)
